// !$*UTF8*$!
{
	archiveVersion = 1;
	classes = {
	};
	objectVersion = 46;
	objects = {

/* Begin PBXBuildFile section */
		670A21871D588B3600A8E60F /* main.m in Sources */ = {isa = PBXBuildFile; fileRef = 670A21861D588B3600A8E60F /* main.m */; };
		670A218A1D588B3600A8E60F /* AppDelegate.m in Sources */ = {isa = PBXBuildFile; fileRef = 670A21891D588B3600A8E60F /* AppDelegate.m */; };
		670A218D1D588B3600A8E60F /* ViewController.m in Sources */ = {isa = PBXBuildFile; fileRef = 670A218C1D588B3600A8E60F /* ViewController.m */; };
		670A21901D588B3600A8E60F /* Main.storyboard in Resources */ = {isa = PBXBuildFile; fileRef = 670A218E1D588B3600A8E60F /* Main.storyboard */; };
		670A21921D588B3600A8E60F /* Assets.xcassets in Resources */ = {isa = PBXBuildFile; fileRef = 670A21911D588B3600A8E60F /* Assets.xcassets */; };
		670A21951D588B3600A8E60F /* LaunchScreen.storyboard in Resources */ = {isa = PBXBuildFile; fileRef = 670A21931D588B3600A8E60F /* LaunchScreen.storyboard */; };
		670A21A01D588B3600A8E60F /* DMRuntimeModelWithDictionaryTests.m in Sources */ = {isa = PBXBuildFile; fileRef = 670A219F1D588B3600A8E60F /* DMRuntimeModelWithDictionaryTests.m */; };
		670A21AB1D588B3600A8E60F /* DMRuntimeModelWithDictionaryUITests.m in Sources */ = {isa = PBXBuildFile; fileRef = 670A21AA1D588B3600A8E60F /* DMRuntimeModelWithDictionaryUITests.m */; };
		670A21BA1D588BF100A8E60F /* NSObject+ModelWithDictionary.m in Sources */ = {isa = PBXBuildFile; fileRef = 670A21B91D588BF100A8E60F /* NSObject+ModelWithDictionary.m */; };
		670A21BD1D588C6B00A8E60F /* SimpleModel.m in Sources */ = {isa = PBXBuildFile; fileRef = 670A21BC1D588C6B00A8E60F /* SimpleModel.m */; };
/* End PBXBuildFile section */

/* Begin PBXContainerItemProxy section */
		670A219C1D588B3600A8E60F /* PBXContainerItemProxy */ = {
			isa = PBXContainerItemProxy;
			containerPortal = 670A217A1D588B3600A8E60F /* Project object */;
			proxyType = 1;
			remoteGlobalIDString = 670A21811D588B3600A8E60F;
			remoteInfo = DMRuntimeModelWithDictionary;
		};
		670A21A71D588B3600A8E60F /* PBXContainerItemProxy */ = {
			isa = PBXContainerItemProxy;
			containerPortal = 670A217A1D588B3600A8E60F /* Project object */;
			proxyType = 1;
			remoteGlobalIDString = 670A21811D588B3600A8E60F;
			remoteInfo = DMRuntimeModelWithDictionary;
		};
/* End PBXContainerItemProxy section */

/* Begin PBXFileReference section */
		670A21821D588B3600A8E60F /* DMRuntimeModelWithDictionary.app */ = {isa = PBXFileReference; explicitFileType = wrapper.application; includeInIndex = 0; path = DMRuntimeModelWithDictionary.app; sourceTree = BUILT_PRODUCTS_DIR; };
		670A21861D588B3600A8E60F /* main.m */ = {isa = PBXFileReference; lastKnownFileType = sourcecode.c.objc; path = main.m; sourceTree = "<group>"; };
		670A21881D588B3600A8E60F /* AppDelegate.h */ = {isa = PBXFileReference; lastKnownFileType = sourcecode.c.h; path = AppDelegate.h; sourceTree = "<group>"; };
		670A21891D588B3600A8E60F /* AppDelegate.m */ = {isa = PBXFileReference; lastKnownFileType = sourcecode.c.objc; path = AppDelegate.m; sourceTree = "<group>"; };
		670A218B1D588B3600A8E60F /* ViewController.h */ = {isa = PBXFileReference; lastKnownFileType = sourcecode.c.h; path = ViewController.h; sourceTree = "<group>"; };
		670A218C1D588B3600A8E60F /* ViewController.m */ = {isa = PBXFileReference; lastKnownFileType = sourcecode.c.objc; path = ViewController.m; sourceTree = "<group>"; };
		670A218F1D588B3600A8E60F /* Base */ = {isa = PBXFileReference; lastKnownFileType = file.storyboard; name = Base; path = Base.lproj/Main.storyboard; sourceTree = "<group>"; };
		670A21911D588B3600A8E60F /* Assets.xcassets */ = {isa = PBXFileReference; lastKnownFileType = folder.assetcatalog; path = Assets.xcassets; sourceTree = "<group>"; };
		670A21941D588B3600A8E60F /* Base */ = {isa = PBXFileReference; lastKnownFileType = file.storyboard; name = Base; path = Base.lproj/LaunchScreen.storyboard; sourceTree = "<group>"; };
		670A21961D588B3600A8E60F /* Info.plist */ = {isa = PBXFileReference; lastKnownFileType = text.plist.xml; path = Info.plist; sourceTree = "<group>"; };
		670A219B1D588B3600A8E60F /* DMRuntimeModelWithDictionaryTests.xctest */ = {isa = PBXFileReference; explicitFileType = wrapper.cfbundle; includeInIndex = 0; path = DMRuntimeModelWithDictionaryTests.xctest; sourceTree = BUILT_PRODUCTS_DIR; };
		670A219F1D588B3600A8E60F /* DMRuntimeModelWithDictionaryTests.m */ = {isa = PBXFileReference; lastKnownFileType = sourcecode.c.objc; path = DMRuntimeModelWithDictionaryTests.m; sourceTree = "<group>"; };
		670A21A11D588B3600A8E60F /* Info.plist */ = {isa = PBXFileReference; lastKnownFileType = text.plist.xml; path = Info.plist; sourceTree = "<group>"; };
		670A21A61D588B3600A8E60F /* DMRuntimeModelWithDictionaryUITests.xctest */ = {isa = PBXFileReference; explicitFileType = wrapper.cfbundle; includeInIndex = 0; path = DMRuntimeModelWithDictionaryUITests.xctest; sourceTree = BUILT_PRODUCTS_DIR; };
		670A21AA1D588B3600A8E60F /* DMRuntimeModelWithDictionaryUITests.m */ = {isa = PBXFileReference; lastKnownFileType = sourcecode.c.objc; path = DMRuntimeModelWithDictionaryUITests.m; sourceTree = "<group>"; };
		670A21AC1D588B3600A8E60F /* Info.plist */ = {isa = PBXFileReference; lastKnownFileType = text.plist.xml; path = Info.plist; sourceTree = "<group>"; };
		670A21B81D588BF100A8E60F /* NSObject+ModelWithDictionary.h */ = {isa = PBXFileReference; fileEncoding = 4; lastKnownFileType = sourcecode.c.h; path = "NSObject+ModelWithDictionary.h"; sourceTree = "<group>"; };
		670A21B91D588BF100A8E60F /* NSObject+ModelWithDictionary.m */ = {isa = PBXFileReference; fileEncoding = 4; lastKnownFileType = sourcecode.c.objc; path = "NSObject+ModelWithDictionary.m"; sourceTree = "<group>"; };
		670A21BB1D588C6B00A8E60F /* SimpleModel.h */ = {isa = PBXFileReference; fileEncoding = 4; lastKnownFileType = sourcecode.c.h; path = SimpleModel.h; sourceTree = "<group>"; };
		670A21BC1D588C6B00A8E60F /* SimpleModel.m */ = {isa = PBXFileReference; fileEncoding = 4; lastKnownFileType = sourcecode.c.objc; path = SimpleModel.m; sourceTree = "<group>"; };
/* End PBXFileReference section */

/* Begin PBXFrameworksBuildPhase section */
		670A217F1D588B3600A8E60F /* Frameworks */ = {
			isa = PBXFrameworksBuildPhase;
			buildActionMask = 2147483647;
			files = (
			);
			runOnlyForDeploymentPostprocessing = 0;
		};
		670A21981D588B3600A8E60F /* Frameworks */ = {
			isa = PBXFrameworksBuildPhase;
			buildActionMask = 2147483647;
			files = (
			);
			runOnlyForDeploymentPostprocessing = 0;
		};
		670A21A31D588B3600A8E60F /* Frameworks */ = {
			isa = PBXFrameworksBuildPhase;
			buildActionMask = 2147483647;
			files = (
			);
			runOnlyForDeploymentPostprocessing = 0;
		};
/* End PBXFrameworksBuildPhase section */

/* Begin PBXGroup section */
		670A21791D588B3600A8E60F = {
			isa = PBXGroup;
			children = (
				670A21841D588B3600A8E60F /* DMRuntimeModelWithDictionary */,
				670A219E1D588B3600A8E60F /* DMRuntimeModelWithDictionaryTests */,
				670A21A91D588B3600A8E60F /* DMRuntimeModelWithDictionaryUITests */,
				670A21831D588B3600A8E60F /* Products */,
			);
			sourceTree = "<group>";
		};
		670A21831D588B3600A8E60F /* Products */ = {
			isa = PBXGroup;
			children = (
				670A21821D588B3600A8E60F /* DMRuntimeModelWithDictionary.app */,
				670A219B1D588B3600A8E60F /* DMRuntimeModelWithDictionaryTests.xctest */,
				670A21A61D588B3600A8E60F /* DMRuntimeModelWithDictionaryUITests.xctest */,
			);
			name = Products;
			sourceTree = "<group>";
		};
		670A21841D588B3600A8E60F /* DMRuntimeModelWithDictionary */ = {
			isa = PBXGroup;
			children = (
				670A21881D588B3600A8E60F /* AppDelegate.h */,
				670A21891D588B3600A8E60F /* AppDelegate.m */,
				670A218B1D588B3600A8E60F /* ViewController.h */,
				670A218C1D588B3600A8E60F /* ViewController.m */,
				670A21B81D588BF100A8E60F /* NSObject+ModelWithDictionary.h */,
				670A21B91D588BF100A8E60F /* NSObject+ModelWithDictionary.m */,
				670A21BB1D588C6B00A8E60F /* SimpleModel.h */,
				670A21BC1D588C6B00A8E60F /* SimpleModel.m */,
				670A218E1D588B3600A8E60F /* Main.storyboard */,
				670A21911D588B3600A8E60F /* Assets.xcassets */,
				670A21931D588B3600A8E60F /* LaunchScreen.storyboard */,
				670A21961D588B3600A8E60F /* Info.plist */,
				670A21851D588B3600A8E60F /* Supporting Files */,
			);
			path = DMRuntimeModelWithDictionary;
			sourceTree = "<group>";
		};
		670A21851D588B3600A8E60F /* Supporting Files */ = {
			isa = PBXGroup;
			children = (
				670A21861D588B3600A8E60F /* main.m */,
			);
			name = "Supporting Files";
			sourceTree = "<group>";
		};
		670A219E1D588B3600A8E60F /* DMRuntimeModelWithDictionaryTests */ = {
			isa = PBXGroup;
			children = (
				670A219F1D588B3600A8E60F /* DMRuntimeModelWithDictionaryTests.m */,
				670A21A11D588B3600A8E60F /* Info.plist */,
			);
			path = DMRuntimeModelWithDictionaryTests;
			sourceTree = "<group>";
		};
		670A21A91D588B3600A8E60F /* DMRuntimeModelWithDictionaryUITests */ = {
			isa = PBXGroup;
			children = (
				670A21AA1D588B3600A8E60F /* DMRuntimeModelWithDictionaryUITests.m */,
				670A21AC1D588B3600A8E60F /* Info.plist */,
			);
			path = DMRuntimeModelWithDictionaryUITests;
			sourceTree = "<group>";
		};
/* End PBXGroup section */

/* Begin PBXNativeTarget section */
		670A21811D588B3600A8E60F /* DMRuntimeModelWithDictionary */ = {
			isa = PBXNativeTarget;
			buildConfigurationList = 670A21AF1D588B3600A8E60F /* Build configuration list for PBXNativeTarget "DMRuntimeModelWithDictionary" */;
			buildPhases = (
				670A217E1D588B3600A8E60F /* Sources */,
				670A217F1D588B3600A8E60F /* Frameworks */,
				670A21801D588B3600A8E60F /* Resources */,
			);
			buildRules = (
			);
			dependencies = (
			);
			name = DMRuntimeModelWithDictionary;
			productName = DMRuntimeModelWithDictionary;
			productReference = 670A21821D588B3600A8E60F /* DMRuntimeModelWithDictionary.app */;
			productType = "com.apple.product-type.application";
		};
		670A219A1D588B3600A8E60F /* DMRuntimeModelWithDictionaryTests */ = {
			isa = PBXNativeTarget;
			buildConfigurationList = 670A21B21D588B3600A8E60F /* Build configuration list for PBXNativeTarget "DMRuntimeModelWithDictionaryTests" */;
			buildPhases = (
				670A21971D588B3600A8E60F /* Sources */,
				670A21981D588B3600A8E60F /* Frameworks */,
				670A21991D588B3600A8E60F /* Resources */,
			);
			buildRules = (
			);
			dependencies = (
				670A219D1D588B3600A8E60F /* PBXTargetDependency */,
			);
			name = DMRuntimeModelWithDictionaryTests;
			productName = DMRuntimeModelWithDictionaryTests;
			productReference = 670A219B1D588B3600A8E60F /* DMRuntimeModelWithDictionaryTests.xctest */;
			productType = "com.apple.product-type.bundle.unit-test";
		};
		670A21A51D588B3600A8E60F /* DMRuntimeModelWithDictionaryUITests */ = {
			isa = PBXNativeTarget;
			buildConfigurationList = 670A21B51D588B3600A8E60F /* Build configuration list for PBXNativeTarget "DMRuntimeModelWithDictionaryUITests" */;
			buildPhases = (
				670A21A21D588B3600A8E60F /* Sources */,
				670A21A31D588B3600A8E60F /* Frameworks */,
				670A21A41D588B3600A8E60F /* Resources */,
			);
			buildRules = (
			);
			dependencies = (
				670A21A81D588B3600A8E60F /* PBXTargetDependency */,
			);
			name = DMRuntimeModelWithDictionaryUITests;
			productName = DMRuntimeModelWithDictionaryUITests;
			productReference = 670A21A61D588B3600A8E60F /* DMRuntimeModelWithDictionaryUITests.xctest */;
			productType = "com.apple.product-type.bundle.ui-testing";
		};
/* End PBXNativeTarget section */

/* Begin PBXProject section */
		670A217A1D588B3600A8E60F /* Project object */ = {
			isa = PBXProject;
			attributes = {
				LastUpgradeCheck = 0730;
				ORGANIZATIONNAME = Demin;
				TargetAttributes = {
					670A21811D588B3600A8E60F = {
						CreatedOnToolsVersion = 7.3.1;
					};
					670A219A1D588B3600A8E60F = {
						CreatedOnToolsVersion = 7.3.1;
						TestTargetID = 670A21811D588B3600A8E60F;
					};
					670A21A51D588B3600A8E60F = {
						CreatedOnToolsVersion = 7.3.1;
						TestTargetID = 670A21811D588B3600A8E60F;
					};
				};
			};
			buildConfigurationList = 670A217D1D588B3600A8E60F /* Build configuration list for PBXProject "DMRuntimeModelWithDictionary" */;
			compatibilityVersion = "Xcode 3.2";
			developmentRegion = English;
			hasScannedForEncodings = 0;
			knownRegions = (
				en,
				Base,
			);
			mainGroup = 670A21791D588B3600A8E60F;
			productRefGroup = 670A21831D588B3600A8E60F /* Products */;
			projectDirPath = "";
			projectRoot = "";
			targets = (
				670A21811D588B3600A8E60F /* DMRuntimeModelWithDictionary */,
				670A219A1D588B3600A8E60F /* DMRuntimeModelWithDictionaryTests */,
				670A21A51D588B3600A8E60F /* DMRuntimeModelWithDictionaryUITests */,
			);
		};
/* End PBXProject section */

/* Begin PBXResourcesBuildPhase section */
		670A21801D588B3600A8E60F /* Resources */ = {
			isa = PBXResourcesBuildPhase;
			buildActionMask = 2147483647;
			files = (
				670A21951D588B3600A8E60F /* LaunchScreen.storyboard in Resources */,
				670A21921D588B3600A8E60F /* Assets.xcassets in Resources */,
				670A21901D588B3600A8E60F /* Main.storyboard in Resources */,
			);
			runOnlyForDeploymentPostprocessing = 0;
		};
		670A21991D588B3600A8E60F /* Resources */ = {
			isa = PBXResourcesBuildPhase;
			buildActionMask = 2147483647;
			files = (
			);
			runOnlyForDeploymentPostprocessing = 0;
		};
		670A21A41D588B3600A8E60F /* Resources */ = {
			isa = PBXResourcesBuildPhase;
			buildActionMask = 2147483647;
			files = (
			);
			runOnlyForDeploymentPostprocessing = 0;
		};
/* End PBXResourcesBuildPhase section */

/* Begin PBXSourcesBuildPhase section */
		670A217E1D588B3600A8E60F /* Sources */ = {
			isa = PBXSourcesBuildPhase;
			buildActionMask = 2147483647;
			files = (
				670A218D1D588B3600A8E60F /* ViewController.m in Sources */,
				670A218A1D588B3600A8E60F /* AppDelegate.m in Sources */,
				670A21BD1D588C6B00A8E60F /* SimpleModel.m in Sources */,
				670A21871D588B3600A8E60F /* main.m in Sources */,
				670A21BA1D588BF100A8E60F /* NSObject+ModelWithDictionary.m in Sources */,
			);
			runOnlyForDeploymentPostprocessing = 0;
		};
		670A21971D588B3600A8E60F /* Sources */ = {
			isa = PBXSourcesBuildPhase;
			buildActionMask = 2147483647;
			files = (
				670A21A01D588B3600A8E60F /* DMRuntimeModelWithDictionaryTests.m in Sources */,
			);
			runOnlyForDeploymentPostprocessing = 0;
		};
		670A21A21D588B3600A8E60F /* Sources */ = {
			isa = PBXSourcesBuildPhase;
			buildActionMask = 2147483647;
			files = (
				670A21AB1D588B3600A8E60F /* DMRuntimeModelWithDictionaryUITests.m in Sources */,
			);
			runOnlyForDeploymentPostprocessing = 0;
		};
/* End PBXSourcesBuildPhase section */

/* Begin PBXTargetDependency section */
		670A219D1D588B3600A8E60F /* PBXTargetDependency */ = {
			isa = PBXTargetDependency;
			target = 670A21811D588B3600A8E60F /* DMRuntimeModelWithDictionary */;
			targetProxy = 670A219C1D588B3600A8E60F /* PBXContainerItemProxy */;
		};
		670A21A81D588B3600A8E60F /* PBXTargetDependency */ = {
			isa = PBXTargetDependency;
			target = 670A21811D588B3600A8E60F /* DMRuntimeModelWithDictionary */;
			targetProxy = 670A21A71D588B3600A8E60F /* PBXContainerItemProxy */;
		};
/* End PBXTargetDependency section */

/* Begin PBXVariantGroup section */
		670A218E1D588B3600A8E60F /* Main.storyboard */ = {
			isa = PBXVariantGroup;
			children = (
				670A218F1D588B3600A8E60F /* Base */,
			);
			name = Main.storyboard;
			sourceTree = "<group>";
		};
		670A21931D588B3600A8E60F /* LaunchScreen.storyboard */ = {
			isa = PBXVariantGroup;
			children = (
				670A21941D588B3600A8E60F /* Base */,
			);
			name = LaunchScreen.storyboard;
			sourceTree = "<group>";
		};
/* End PBXVariantGroup section */

/* Begin XCBuildConfiguration section */
		670A21AD1D588B3600A8E60F /* Debug */ = {
			isa = XCBuildConfiguration;
			buildSettings = {
				ALWAYS_SEARCH_USER_PATHS = NO;
				CLANG_ANALYZER_NONNULL = YES;
				CLANG_CXX_LANGUAGE_STANDARD = "gnu++0x";
				CLANG_CXX_LIBRARY = "libc++";
				CLANG_ENABLE_MODULES = YES;
				CLANG_ENABLE_OBJC_ARC = YES;
				CLANG_WARN_BOOL_CONVERSION = YES;
				CLANG_WARN_CONSTANT_CONVERSION = YES;
				CLANG_WARN_DIRECT_OBJC_ISA_USAGE = YES_ERROR;
				CLANG_WARN_EMPTY_BODY = YES;
				CLANG_WARN_ENUM_CONVERSION = YES;
				CLANG_WARN_INT_CONVERSION = YES;
				CLANG_WARN_OBJC_ROOT_CLASS = YES_ERROR;
				CLANG_WARN_UNREACHABLE_CODE = YES;
				CLANG_WARN__DUPLICATE_METHOD_MATCH = YES;
				"CODE_SIGN_IDENTITY[sdk=iphoneos*]" = "iPhone Developer";
				COPY_PHASE_STRIP = NO;
				DEBUG_INFORMATION_FORMAT = dwarf;
				ENABLE_STRICT_OBJC_MSGSEND = YES;
				ENABLE_TESTABILITY = YES;
				GCC_C_LANGUAGE_STANDARD = gnu99;
				GCC_DYNAMIC_NO_PIC = NO;
				GCC_NO_COMMON_BLOCKS = YES;
				GCC_OPTIMIZATION_LEVEL = 0;
				GCC_PREPROCESSOR_DEFINITIONS = (
					"DEBUG=1",
					"$(inherited)",
				);
				GCC_WARN_64_TO_32_BIT_CONVERSION = YES;
				GCC_WARN_ABOUT_RETURN_TYPE = YES_ERROR;
				GCC_WARN_UNDECLARED_SELECTOR = YES;
				GCC_WARN_UNINITIALIZED_AUTOS = YES_AGGRESSIVE;
				GCC_WARN_UNUSED_FUNCTION = YES;
				GCC_WARN_UNUSED_VARIABLE = YES;
				IPHONEOS_DEPLOYMENT_TARGET = 9.3;
				MTL_ENABLE_DEBUG_INFO = YES;
				ONLY_ACTIVE_ARCH = YES;
				SDKROOT = iphoneos;
				TARGETED_DEVICE_FAMILY = "1,2";
			};
			name = Debug;
		};
		670A21AE1D588B3600A8E60F /* Release */ = {
			isa = XCBuildConfiguration;
			buildSettings = {
				ALWAYS_SEARCH_USER_PATHS = NO;
				CLANG_ANALYZER_NONNULL = YES;
				CLANG_CXX_LANGUAGE_STANDARD = "gnu++0x";
				CLANG_CXX_LIBRARY = "libc++";
				CLANG_ENABLE_MODULES = YES;
				CLANG_ENABLE_OBJC_ARC = YES;
				CLANG_WARN_BOOL_CONVERSION = YES;
				CLANG_WARN_CONSTANT_CONVERSION = YES;
				CLANG_WARN_DIRECT_OBJC_ISA_USAGE = YES_ERROR;
				CLANG_WARN_EMPTY_BODY = YES;
				CLANG_WARN_ENUM_CONVERSION = YES;
				CLANG_WARN_INT_CONVERSION = YES;
				CLANG_WARN_OBJC_ROOT_CLASS = YES_ERROR;
				CLANG_WARN_UNREACHABLE_CODE = YES;
				CLANG_WARN__DUPLICATE_METHOD_MATCH = YES;
				"CODE_SIGN_IDENTITY[sdk=iphoneos*]" = "iPhone Developer";
				COPY_PHASE_STRIP = NO;
				DEBUG_INFORMATION_FORMAT = "dwarf-with-dsym";
				ENABLE_NS_ASSERTIONS = NO;
				ENABLE_STRICT_OBJC_MSGSEND = YES;
				GCC_C_LANGUAGE_STANDARD = gnu99;
				GCC_NO_COMMON_BLOCKS = YES;
				GCC_WARN_64_TO_32_BIT_CONVERSION = YES;
				GCC_WARN_ABOUT_RETURN_TYPE = YES_ERROR;
				GCC_WARN_UNDECLARED_SELECTOR = YES;
				GCC_WARN_UNINITIALIZED_AUTOS = YES_AGGRESSIVE;
				GCC_WARN_UNUSED_FUNCTION = YES;
				GCC_WARN_UNUSED_VARIABLE = YES;
				IPHONEOS_DEPLOYMENT_TARGET = 9.3;
				MTL_ENABLE_DEBUG_INFO = NO;
				SDKROOT = iphoneos;
				TARGETED_DEVICE_FAMILY = "1,2";
				VALIDATE_PRODUCT = YES;
			};
			name = Release;
		};
		670A21B01D588B3600A8E60F /* Debug */ = {
			isa = XCBuildConfiguration;
			buildSettings = {
				ASSETCATALOG_COMPILER_APPICON_NAME = AppIcon;
				INFOPLIST_FILE = DMRuntimeModelWithDictionary/Info.plist;
				LD_RUNPATH_SEARCH_PATHS = "$(inherited) @executable_path/Frameworks";
				PRODUCT_BUNDLE_IDENTIFIER = Demin.DMRuntimeModelWithDictionary;
				PRODUCT_NAME = "$(TARGET_NAME)";
			};
			name = Debug;
		};
		670A21B11D588B3600A8E60F /* Release */ = {
			isa = XCBuildConfiguration;
			buildSettings = {
				ASSETCATALOG_COMPILER_APPICON_NAME = AppIcon;
				INFOPLIST_FILE = DMRuntimeModelWithDictionary/Info.plist;
				LD_RUNPATH_SEARCH_PATHS = "$(inherited) @executable_path/Frameworks";
				PRODUCT_BUNDLE_IDENTIFIER = Demin.DMRuntimeModelWithDictionary;
				PRODUCT_NAME = "$(TARGET_NAME)";
			};
			name = Release;
		};
		670A21B31D588B3600A8E60F /* Debug */ = {
			isa = XCBuildConfiguration;
			buildSettings = {
				BUNDLE_LOADER = "$(TEST_HOST)";
				INFOPLIST_FILE = DMRuntimeModelWithDictionaryTests/Info.plist;
				LD_RUNPATH_SEARCH_PATHS = "$(inherited) @executable_path/Frameworks @loader_path/Frameworks";
				PRODUCT_BUNDLE_IDENTIFIER = Demin.DMRuntimeModelWithDictionaryTests;
				PRODUCT_NAME = "$(TARGET_NAME)";
				TEST_HOST = "$(BUILT_PRODUCTS_DIR)/DMRuntimeModelWithDictionary.app/DMRuntimeModelWithDictionary";
			};
			name = Debug;
		};
		670A21B41D588B3600A8E60F /* Release */ = {
			isa = XCBuildConfiguration;
			buildSettings = {
				BUNDLE_LOADER = "$(TEST_HOST)";
				INFOPLIST_FILE = DMRuntimeModelWithDictionaryTests/Info.plist;
				LD_RUNPATH_SEARCH_PATHS = "$(inherited) @executable_path/Frameworks @loader_path/Frameworks";
				PRODUCT_BUNDLE_IDENTIFIER = Demin.DMRuntimeModelWithDictionaryTests;
				PRODUCT_NAME = "$(TARGET_NAME)";
				TEST_HOST = "$(BUILT_PRODUCTS_DIR)/DMRuntimeModelWithDictionary.app/DMRuntimeModelWithDictionary";
			};
			name = Release;
		};
		670A21B61D588B3600A8E60F /* Debug */ = {
			isa = XCBuildConfiguration;
			buildSettings = {
				INFOPLIST_FILE = DMRuntimeModelWithDictionaryUITests/Info.plist;
				LD_RUNPATH_SEARCH_PATHS = "$(inherited) @executable_path/Frameworks @loader_path/Frameworks";
				PRODUCT_BUNDLE_IDENTIFIER = Demin.DMRuntimeModelWithDictionaryUITests;
				PRODUCT_NAME = "$(TARGET_NAME)";
				TEST_TARGET_NAME = DMRuntimeModelWithDictionary;
			};
			name = Debug;
		};
		670A21B71D588B3600A8E60F /* Release */ = {
			isa = XCBuildConfiguration;
			buildSettings = {
				INFOPLIST_FILE = DMRuntimeModelWithDictionaryUITests/Info.plist;
				LD_RUNPATH_SEARCH_PATHS = "$(inherited) @executable_path/Frameworks @loader_path/Frameworks";
				PRODUCT_BUNDLE_IDENTIFIER = Demin.DMRuntimeModelWithDictionaryUITests;
				PRODUCT_NAME = "$(TARGET_NAME)";
				TEST_TARGET_NAME = DMRuntimeModelWithDictionary;
			};
			name = Release;
		};
/* End XCBuildConfiguration section */

/* Begin XCConfigurationList section */
		670A217D1D588B3600A8E60F /* Build configuration list for PBXProject "DMRuntimeModelWithDictionary" */ = {
			isa = XCConfigurationList;
			buildConfigurations = (
				670A21AD1D588B3600A8E60F /* Debug */,
				670A21AE1D588B3600A8E60F /* Release */,
			);
			defaultConfigurationIsVisible = 0;
			defaultConfigurationName = Release;
		};
		670A21AF1D588B3600A8E60F /* Build configuration list for PBXNativeTarget "DMRuntimeModelWithDictionary" */ = {
			isa = XCConfigurationList;
			buildConfigurations = (
				670A21B01D588B3600A8E60F /* Debug */,
				670A21B11D588B3600A8E60F /* Release */,
			);
			defaultConfigurationIsVisible = 0;
		};
		670A21B21D588B3600A8E60F /* Build configuration list for PBXNativeTarget "DMRuntimeModelWithDictionaryTests" */ = {
			isa = XCConfigurationList;
			buildConfigurations = (
				670A21B31D588B3600A8E60F /* Debug */,
				670A21B41D588B3600A8E60F /* Release */,
			);
			defaultConfigurationIsVisible = 0;
		};
		670A21B51D588B3600A8E60F /* Build configuration list for PBXNativeTarget "DMRuntimeModelWithDictionaryUITests" */ = {
			isa = XCConfigurationList;
			buildConfigurations = (
				670A21B61D588B3600A8E60F /* Debug */,
				670A21B71D588B3600A8E60F /* Release */,
			);
			defaultConfigurationIsVisible = 0;
		};
/* End XCConfigurationList section */
	};
	rootObject = 670A217A1D588B3600A8E60F /* Project object */;
}
